
Microsoft Visual Studio Solution File, Format Version 12.00
# Visual Studio 2013
VisualStudioVersion = 12.0.40629.0
MinimumVisualStudioVersion = 10.0.40219.1
Project("{FAE04EC0-301F-11D3-BF4B-00C04F79EFBC}") = "Calculadora", "Calculadora_Remoting_DDSOK\Calculadora.csproj", "{8278CEAE-BF7F-4E79-AB75-98B90BC38D89}"
EndProject
Project("{FAE04EC0-301F-11D3-BF4B-00C04F79EFBC}") = "CalculadoraCliente", "Calculadora_Remoting_DDSOK_Cliente\CalculadoraCliente.csproj", "{F88ADD15-0EB9-4C48-8CEA-20F3440589B0}"
EndProject
Global
	GlobalSection(SolutionConfigurationPlatforms) = preSolution
		Debug|Any CPU = Debug|Any CPU
		Release|Any CPU = Release|Any CPU
	EndGlobalSection
	GlobalSection(ProjectConfigurationPlatforms) = postSolution
		{8278CEAE-BF7F-4E79-AB75-98B90BC38D89}.Debug|Any CPU.ActiveCfg = Debug|Any CPU
		{8278CEAE-BF7F-4E79-AB75-98B90BC38D89}.Debug|Any CPU.Build.0 = Debug|Any CPU
		{8278CEAE-BF7F-4E79-AB75-98B90BC38D89}.Release|Any CPU.ActiveCfg = Release|Any CPU
		{8278CEAE-BF7F-4E79-AB75-98B90BC38D89}.Release|Any CPU.Build.0 = Release|Any CPU
		{F88ADD15-0EB9-4C48-8CEA-20F3440589B0}.Debug|Any CPU.ActiveCfg = Debug|Any CPU
		{F88ADD15-0EB9-4C48-8CEA-20F3440589B0}.Debug|Any CPU.Build.0 = Debug|Any CPU
		{F88ADD15-0EB9-4C48-8CEA-20F3440589B0}.Release|Any CPU.ActiveCfg = Release|Any CPU
		{F88ADD15-0EB9-4C48-8CEA-20F3440589B0}.Release|Any CPU.Build.0 = Release|Any CPU
	EndGlobalSection
	GlobalSection(SolutionProperties) = preSolution
		HideSolutionNode = FALSE
	EndGlobalSection
EndGlobal
